// !$*UTF8*$!
{
	archiveVersion = 1;
	classes = {
	};
	objectVersion = 50;
	objects = {

/* Begin PBXBuildFile section */
		2F4E13A125ED72770061F1B7 /* AppDelegate.swift in Sources */ = {isa = PBXBuildFile; fileRef = 2F4E13A025ED72770061F1B7 /* AppDelegate.swift */; };
		2F4E13A325ED72770061F1B7 /* SceneDelegate.swift in Sources */ = {isa = PBXBuildFile; fileRef = 2F4E13A225ED72770061F1B7 /* SceneDelegate.swift */; };
		2F4E13A525ED72770061F1B7 /* ViewController.swift in Sources */ = {isa = PBXBuildFile; fileRef = 2F4E13A425ED72770061F1B7 /* ViewController.swift */; };
		2F4E13A825ED72770061F1B7 /* Main.storyboard in Resources */ = {isa = PBXBuildFile; fileRef = 2F4E13A625ED72770061F1B7 /* Main.storyboard */; };
		2F4E13AB25ED72770061F1B7 /* CWC_Guidebook_App_CoreData.xcdatamodeld in Sources */ = {isa = PBXBuildFile; fileRef = 2F4E13A925ED72770061F1B7 /* CWC_Guidebook_App_CoreData.xcdatamodeld */; };
		2F4E13AD25ED72790061F1B7 /* Assets.xcassets in Resources */ = {isa = PBXBuildFile; fileRef = 2F4E13AC25ED72790061F1B7 /* Assets.xcassets */; };
		2F4E13B025ED72790061F1B7 /* LaunchScreen.storyboard in Resources */ = {isa = PBXBuildFile; fileRef = 2F4E13AE25ED72790061F1B7 /* LaunchScreen.storyboard */; };
		2F4E13BF25ED740E0061F1B7 /* PlaceViewController.swift in Sources */ = {isa = PBXBuildFile; fileRef = 2F4E13BE25ED740E0061F1B7 /* PlaceViewController.swift */; };
		2F4E13C225ED77590061F1B7 /* InfoViewController.swift in Sources */ = {isa = PBXBuildFile; fileRef = 2F4E13C125ED77590061F1B7 /* InfoViewController.swift */; };
		2F4E13C525ED77710061F1B7 /* MapViewController.swift in Sources */ = {isa = PBXBuildFile; fileRef = 2F4E13C425ED77710061F1B7 /* MapViewController.swift */; };
		2F4E13C825ED77900061F1B7 /* NotesViewController.swift in Sources */ = {isa = PBXBuildFile; fileRef = 2F4E13C725ED77900061F1B7 /* NotesViewController.swift */; };
		2F4E13CC25ED794B0061F1B7 /* Constants.swift in Sources */ = {isa = PBXBuildFile; fileRef = 2F4E13CB25ED794B0061F1B7 /* Constants.swift */; };
		2F4E13D325ED81CB0061F1B7 /* Place+CoreDataClass.swift in Sources */ = {isa = PBXBuildFile; fileRef = 2F4E13CF25ED81CB0061F1B7 /* Place+CoreDataClass.swift */; };
		2F4E13D425ED81CB0061F1B7 /* Place+CoreDataProperties.swift in Sources */ = {isa = PBXBuildFile; fileRef = 2F4E13D025ED81CB0061F1B7 /* Place+CoreDataProperties.swift */; };
		2F4E13D525ED81CB0061F1B7 /* Note+CoreDataClass.swift in Sources */ = {isa = PBXBuildFile; fileRef = 2F4E13D125ED81CB0061F1B7 /* Note+CoreDataClass.swift */; };
		2F4E13D625ED81CB0061F1B7 /* Note+CoreDataProperties.swift in Sources */ = {isa = PBXBuildFile; fileRef = 2F4E13D225ED81CB0061F1B7 /* Note+CoreDataProperties.swift */; };
/* End PBXBuildFile section */

/* Begin PBXFileReference section */
		2F4E139D25ED72770061F1B7 /* CWC_Guidebook_App_CoreData.app */ = {isa = PBXFileReference; explicitFileType = wrapper.application; includeInIndex = 0; path = CWC_Guidebook_App_CoreData.app; sourceTree = BUILT_PRODUCTS_DIR; };
		2F4E13A025ED72770061F1B7 /* AppDelegate.swift */ = {isa = PBXFileReference; lastKnownFileType = sourcecode.swift; path = AppDelegate.swift; sourceTree = "<group>"; };
		2F4E13A225ED72770061F1B7 /* SceneDelegate.swift */ = {isa = PBXFileReference; lastKnownFileType = sourcecode.swift; path = SceneDelegate.swift; sourceTree = "<group>"; };
		2F4E13A425ED72770061F1B7 /* ViewController.swift */ = {isa = PBXFileReference; lastKnownFileType = sourcecode.swift; path = ViewController.swift; sourceTree = "<group>"; };
		2F4E13A725ED72770061F1B7 /* Base */ = {isa = PBXFileReference; lastKnownFileType = file.storyboard; name = Base; path = Base.lproj/Main.storyboard; sourceTree = "<group>"; };
		2F4E13AA25ED72770061F1B7 /* CWC_Guidebook_App_CoreData.xcdatamodel */ = {isa = PBXFileReference; lastKnownFileType = wrapper.xcdatamodel; path = CWC_Guidebook_App_CoreData.xcdatamodel; sourceTree = "<group>"; };
		2F4E13AC25ED72790061F1B7 /* Assets.xcassets */ = {isa = PBXFileReference; lastKnownFileType = folder.assetcatalog; path = Assets.xcassets; sourceTree = "<group>"; };
		2F4E13AF25ED72790061F1B7 /* Base */ = {isa = PBXFileReference; lastKnownFileType = file.storyboard; name = Base; path = Base.lproj/LaunchScreen.storyboard; sourceTree = "<group>"; };
		2F4E13B125ED72790061F1B7 /* Info.plist */ = {isa = PBXFileReference; lastKnownFileType = text.plist.xml; path = Info.plist; sourceTree = "<group>"; };
		2F4E13BE25ED740E0061F1B7 /* PlaceViewController.swift */ = {isa = PBXFileReference; lastKnownFileType = sourcecode.swift; path = PlaceViewController.swift; sourceTree = "<group>"; };
		2F4E13C125ED77590061F1B7 /* InfoViewController.swift */ = {isa = PBXFileReference; lastKnownFileType = sourcecode.swift; path = InfoViewController.swift; sourceTree = "<group>"; };
		2F4E13C425ED77710061F1B7 /* MapViewController.swift */ = {isa = PBXFileReference; lastKnownFileType = sourcecode.swift; path = MapViewController.swift; sourceTree = "<group>"; };
		2F4E13C725ED77900061F1B7 /* NotesViewController.swift */ = {isa = PBXFileReference; lastKnownFileType = sourcecode.swift; path = NotesViewController.swift; sourceTree = "<group>"; };
		2F4E13CB25ED794B0061F1B7 /* Constants.swift */ = {isa = PBXFileReference; lastKnownFileType = sourcecode.swift; path = Constants.swift; sourceTree = "<group>"; };
		2F4E13CF25ED81CB0061F1B7 /* Place+CoreDataClass.swift */ = {isa = PBXFileReference; lastKnownFileType = sourcecode.swift; path = "Place+CoreDataClass.swift"; sourceTree = "<group>"; };
		2F4E13D025ED81CB0061F1B7 /* Place+CoreDataProperties.swift */ = {isa = PBXFileReference; lastKnownFileType = sourcecode.swift; path = "Place+CoreDataProperties.swift"; sourceTree = "<group>"; };
		2F4E13D125ED81CB0061F1B7 /* Note+CoreDataClass.swift */ = {isa = PBXFileReference; lastKnownFileType = sourcecode.swift; path = "Note+CoreDataClass.swift"; sourceTree = "<group>"; };
		2F4E13D225ED81CB0061F1B7 /* Note+CoreDataProperties.swift */ = {isa = PBXFileReference; lastKnownFileType = sourcecode.swift; path = "Note+CoreDataProperties.swift"; sourceTree = "<group>"; };
/* End PBXFileReference section */

/* Begin PBXFrameworksBuildPhase section */
		2F4E139A25ED72770061F1B7 /* Frameworks */ = {
			isa = PBXFrameworksBuildPhase;
			buildActionMask = 2147483647;
			files = (
			);
			runOnlyForDeploymentPostprocessing = 0;
		};
/* End PBXFrameworksBuildPhase section */

/* Begin PBXGroup section */
		2F4E139425ED72770061F1B7 = {
			isa = PBXGroup;
			children = (
				2F4E139F25ED72770061F1B7 /* CWC_Guidebook_App_CoreData */,
				2F4E139E25ED72770061F1B7 /* Products */,
			);
			sourceTree = "<group>";
		};
		2F4E139E25ED72770061F1B7 /* Products */ = {
			isa = PBXGroup;
			children = (
				2F4E139D25ED72770061F1B7 /* CWC_Guidebook_App_CoreData.app */,
			);
			name = Products;
			sourceTree = "<group>";
		};
		2F4E139F25ED72770061F1B7 /* CWC_Guidebook_App_CoreData */ = {
			isa = PBXGroup;
			children = (
				2F4E13A025ED72770061F1B7 /* AppDelegate.swift */,
				2F4E13A225ED72770061F1B7 /* SceneDelegate.swift */,
				2F4E13BB25ED72BB0061F1B7 /* Storyboards */,
				2F4E13BA25ED72A70061F1B7 /* Models */,
				2F4E13B925ED729D0061F1B7 /* Views */,
				2F4E13B825ED72900061F1B7 /* ViewControllers */,
				2F4E13BC25ED72D00061F1B7 /* Data */,
				2F4E13CA25ED79120061F1B7 /* Helpers */,
				2F4E13AC25ED72790061F1B7 /* Assets.xcassets */,
				2F4E13B125ED72790061F1B7 /* Info.plist */,
			);
			path = CWC_Guidebook_App_CoreData;
			sourceTree = "<group>";
		};
		2F4E13B825ED72900061F1B7 /* ViewControllers */ = {
			isa = PBXGroup;
			children = (
				2F4E13A425ED72770061F1B7 /* ViewController.swift */,
				2F4E13BE25ED740E0061F1B7 /* PlaceViewController.swift */,
				2F4E13C125ED77590061F1B7 /* InfoViewController.swift */,
				2F4E13C425ED77710061F1B7 /* MapViewController.swift */,
				2F4E13C725ED77900061F1B7 /* NotesViewController.swift */,
			);
			path = ViewControllers;
			sourceTree = "<group>";
		};
		2F4E13B925ED729D0061F1B7 /* Views */ = {
			isa = PBXGroup;
			children = (
			);
			path = Views;
			sourceTree = "<group>";
		};
		2F4E13BA25ED72A70061F1B7 /* Models */ = {
			isa = PBXGroup;
			children = (
				2F4E13CF25ED81CB0061F1B7 /* Place+CoreDataClass.swift */,
				2F4E13D025ED81CB0061F1B7 /* Place+CoreDataProperties.swift */,
				2F4E13D125ED81CB0061F1B7 /* Note+CoreDataClass.swift */,
				2F4E13D225ED81CB0061F1B7 /* Note+CoreDataProperties.swift */,
			);
			path = Models;
			sourceTree = "<group>";
		};
		2F4E13BB25ED72BB0061F1B7 /* Storyboards */ = {
			isa = PBXGroup;
			children = (
				2F4E13A625ED72770061F1B7 /* Main.storyboard */,
				2F4E13AE25ED72790061F1B7 /* LaunchScreen.storyboard */,
			);
			path = Storyboards;
			sourceTree = "<group>";
		};
		2F4E13BC25ED72D00061F1B7 /* Data */ = {
			isa = PBXGroup;
			children = (
				2F4E13A925ED72770061F1B7 /* CWC_Guidebook_App_CoreData.xcdatamodeld */,
			);
			path = Data;
			sourceTree = "<group>";
		};
		2F4E13CA25ED79120061F1B7 /* Helpers */ = {
			isa = PBXGroup;
			children = (
				2F4E13CB25ED794B0061F1B7 /* Constants.swift */,
			);
			path = Helpers;
			sourceTree = "<group>";
		};
/* End PBXGroup section */

/* Begin PBXNativeTarget section */
		2F4E139C25ED72770061F1B7 /* CWC_Guidebook_App_CoreData */ = {
			isa = PBXNativeTarget;
			buildConfigurationList = 2F4E13B425ED72790061F1B7 /* Build configuration list for PBXNativeTarget "CWC_Guidebook_App_CoreData" */;
			buildPhases = (
				2F4E139925ED72770061F1B7 /* Sources */,
				2F4E139A25ED72770061F1B7 /* Frameworks */,
				2F4E139B25ED72770061F1B7 /* Resources */,
			);
			buildRules = (
			);
			dependencies = (
			);
			name = CWC_Guidebook_App_CoreData;
			productName = CWC_Guidebook_App_CoreData;
			productReference = 2F4E139D25ED72770061F1B7 /* CWC_Guidebook_App_CoreData.app */;
			productType = "com.apple.product-type.application";
		};
/* End PBXNativeTarget section */

/* Begin PBXProject section */
		2F4E139525ED72770061F1B7 /* Project object */ = {
			isa = PBXProject;
			attributes = {
				LastSwiftUpdateCheck = 1240;
				LastUpgradeCheck = 1240;
				TargetAttributes = {
					2F4E139C25ED72770061F1B7 = {
						CreatedOnToolsVersion = 12.4;
					};
				};
			};
			buildConfigurationList = 2F4E139825ED72770061F1B7 /* Build configuration list for PBXProject "CWC_Guidebook_App_CoreData" */;
			compatibilityVersion = "Xcode 9.3";
			developmentRegion = en;
			hasScannedForEncodings = 0;
			knownRegions = (
				en,
				Base,
			);
			mainGroup = 2F4E139425ED72770061F1B7;
			productRefGroup = 2F4E139E25ED72770061F1B7 /* Products */;
			projectDirPath = "";
			projectRoot = "";
			targets = (
				2F4E139C25ED72770061F1B7 /* CWC_Guidebook_App_CoreData */,
			);
		};
/* End PBXProject section */

/* Begin PBXResourcesBuildPhase section */
		2F4E139B25ED72770061F1B7 /* Resources */ = {
			isa = PBXResourcesBuildPhase;
			buildActionMask = 2147483647;
			files = (
				2F4E13B025ED72790061F1B7 /* LaunchScreen.storyboard in Resources */,
				2F4E13AD25ED72790061F1B7 /* Assets.xcassets in Resources */,
				2F4E13A825ED72770061F1B7 /* Main.storyboard in Resources */,
			);
			runOnlyForDeploymentPostprocessing = 0;
		};
/* End PBXResourcesBuildPhase section */

/* Begin PBXSourcesBuildPhase section */
		2F4E139925ED72770061F1B7 /* Sources */ = {
			isa = PBXSourcesBuildPhase;
			buildActionMask = 2147483647;
			files = (
				2F4E13A525ED72770061F1B7 /* ViewController.swift in Sources */,
				2F4E13A125ED72770061F1B7 /* AppDelegate.swift in Sources */,
				2F4E13AB25ED72770061F1B7 /* CWC_Guidebook_App_CoreData.xcdatamodeld in Sources */,
				2F4E13D625ED81CB0061F1B7 /* Note+CoreDataProperties.swift in Sources */,
				2F4E13BF25ED740E0061F1B7 /* PlaceViewController.swift in Sources */,
				2F4E13C825ED77900061F1B7 /* NotesViewController.swift in Sources */,
				2F4E13D425ED81CB0061F1B7 /* Place+CoreDataProperties.swift in Sources */,
				2F4E13D325ED81CB0061F1B7 /* Place+CoreDataClass.swift in Sources */,
				2F4E13C225ED77590061F1B7 /* InfoViewController.swift in Sources */,
				2F4E13A325ED72770061F1B7 /* SceneDelegate.swift in Sources */,
				2F4E13D525ED81CB0061F1B7 /* Note+CoreDataClass.swift in Sources */,
				2F4E13C525ED77710061F1B7 /* MapViewController.swift in Sources */,
				2F4E13CC25ED794B0061F1B7 /* Constants.swift in Sources */,
			);
			runOnlyForDeploymentPostprocessing = 0;
		};
/* End PBXSourcesBuildPhase section */

/* Begin PBXVariantGroup section */
		2F4E13A625ED72770061F1B7 /* Main.storyboard */ = {
			isa = PBXVariantGroup;
			children = (
				2F4E13A725ED72770061F1B7 /* Base */,
			);
			name = Main.storyboard;
			sourceTree = "<group>";
		};
		2F4E13AE25ED72790061F1B7 /* LaunchScreen.storyboard */ = {
			isa = PBXVariantGroup;
			children = (
				2F4E13AF25ED72790061F1B7 /* Base */,
			);
			name = LaunchScreen.storyboard;
			sourceTree = "<group>";
		};
/* End PBXVariantGroup section */

/* Begin XCBuildConfiguration section */
		2F4E13B225ED72790061F1B7 /* Debug */ = {
			isa = XCBuildConfiguration;
			buildSettings = {
				ALWAYS_SEARCH_USER_PATHS = NO;
				CLANG_ANALYZER_NONNULL = YES;
				CLANG_ANALYZER_NUMBER_OBJECT_CONVERSION = YES_AGGRESSIVE;
				CLANG_CXX_LANGUAGE_STANDARD = "gnu++14";
				CLANG_CXX_LIBRARY = "libc++";
				CLANG_ENABLE_MODULES = YES;
				CLANG_ENABLE_OBJC_ARC = YES;
				CLANG_ENABLE_OBJC_WEAK = YES;
				CLANG_WARN_BLOCK_CAPTURE_AUTORELEASING = YES;
				CLANG_WARN_BOOL_CONVERSION = YES;
				CLANG_WARN_COMMA = YES;
				CLANG_WARN_CONSTANT_CONVERSION = YES;
				CLANG_WARN_DEPRECATED_OBJC_IMPLEMENTATIONS = YES;
				CLANG_WARN_DIRECT_OBJC_ISA_USAGE = YES_ERROR;
				CLANG_WARN_DOCUMENTATION_COMMENTS = YES;
				CLANG_WARN_EMPTY_BODY = YES;
				CLANG_WARN_ENUM_CONVERSION = YES;
				CLANG_WARN_INFINITE_RECURSION = YES;
				CLANG_WARN_INT_CONVERSION = YES;
				CLANG_WARN_NON_LITERAL_NULL_CONVERSION = YES;
				CLANG_WARN_OBJC_IMPLICIT_RETAIN_SELF = YES;
				CLANG_WARN_OBJC_LITERAL_CONVERSION = YES;
				CLANG_WARN_OBJC_ROOT_CLASS = YES_ERROR;
				CLANG_WARN_QUOTED_INCLUDE_IN_FRAMEWORK_HEADER = YES;
				CLANG_WARN_RANGE_LOOP_ANALYSIS = YES;
				CLANG_WARN_STRICT_PROTOTYPES = YES;
				CLANG_WARN_SUSPICIOUS_MOVE = YES;
				CLANG_WARN_UNGUARDED_AVAILABILITY = YES_AGGRESSIVE;
				CLANG_WARN_UNREACHABLE_CODE = YES;
				CLANG_WARN__DUPLICATE_METHOD_MATCH = YES;
				COPY_PHASE_STRIP = NO;
				DEBUG_INFORMATION_FORMAT = dwarf;
				ENABLE_STRICT_OBJC_MSGSEND = YES;
				ENABLE_TESTABILITY = YES;
				GCC_C_LANGUAGE_STANDARD = gnu11;
				GCC_DYNAMIC_NO_PIC = NO;
				GCC_NO_COMMON_BLOCKS = YES;
				GCC_OPTIMIZATION_LEVEL = 0;
				GCC_PREPROCESSOR_DEFINITIONS = (
					"DEBUG=1",
					"$(inherited)",
				);
				GCC_WARN_64_TO_32_BIT_CONVERSION = YES;
				GCC_WARN_ABOUT_RETURN_TYPE = YES_ERROR;
				GCC_WARN_UNDECLARED_SELECTOR = YES;
				GCC_WARN_UNINITIALIZED_AUTOS = YES_AGGRESSIVE;
				GCC_WARN_UNUSED_FUNCTION = YES;
				GCC_WARN_UNUSED_VARIABLE = YES;
				IPHONEOS_DEPLOYMENT_TARGET = 14.4;
				MTL_ENABLE_DEBUG_INFO = INCLUDE_SOURCE;
				MTL_FAST_MATH = YES;
				ONLY_ACTIVE_ARCH = YES;
				SDKROOT = iphoneos;
				SWIFT_ACTIVE_COMPILATION_CONDITIONS = DEBUG;
				SWIFT_OPTIMIZATION_LEVEL = "-Onone";
			};
			name = Debug;
		};
		2F4E13B325ED72790061F1B7 /* Release */ = {
			isa = XCBuildConfiguration;
			buildSettings = {
				ALWAYS_SEARCH_USER_PATHS = NO;
				CLANG_ANALYZER_NONNULL = YES;
				CLANG_ANALYZER_NUMBER_OBJECT_CONVERSION = YES_AGGRESSIVE;
				CLANG_CXX_LANGUAGE_STANDARD = "gnu++14";
				CLANG_CXX_LIBRARY = "libc++";
				CLANG_ENABLE_MODULES = YES;
				CLANG_ENABLE_OBJC_ARC = YES;
				CLANG_ENABLE_OBJC_WEAK = YES;
				CLANG_WARN_BLOCK_CAPTURE_AUTORELEASING = YES;
				CLANG_WARN_BOOL_CONVERSION = YES;
				CLANG_WARN_COMMA = YES;
				CLANG_WARN_CONSTANT_CONVERSION = YES;
				CLANG_WARN_DEPRECATED_OBJC_IMPLEMENTATIONS = YES;
				CLANG_WARN_DIRECT_OBJC_ISA_USAGE = YES_ERROR;
				CLANG_WARN_DOCUMENTATION_COMMENTS = YES;
				CLANG_WARN_EMPTY_BODY = YES;
				CLANG_WARN_ENUM_CONVERSION = YES;
				CLANG_WARN_INFINITE_RECURSION = YES;
				CLANG_WARN_INT_CONVERSION = YES;
				CLANG_WARN_NON_LITERAL_NULL_CONVERSION = YES;
				CLANG_WARN_OBJC_IMPLICIT_RETAIN_SELF = YES;
				CLANG_WARN_OBJC_LITERAL_CONVERSION = YES;
				CLANG_WARN_OBJC_ROOT_CLASS = YES_ERROR;
				CLANG_WARN_QUOTED_INCLUDE_IN_FRAMEWORK_HEADER = YES;
				CLANG_WARN_RANGE_LOOP_ANALYSIS = YES;
				CLANG_WARN_STRICT_PROTOTYPES = YES;
				CLANG_WARN_SUSPICIOUS_MOVE = YES;
				CLANG_WARN_UNGUARDED_AVAILABILITY = YES_AGGRESSIVE;
				CLANG_WARN_UNREACHABLE_CODE = YES;
				CLANG_WARN__DUPLICATE_METHOD_MATCH = YES;
				COPY_PHASE_STRIP = NO;
				DEBUG_INFORMATION_FORMAT = "dwarf-with-dsym";
				ENABLE_NS_ASSERTIONS = NO;
				ENABLE_STRICT_OBJC_MSGSEND = YES;
				GCC_C_LANGUAGE_STANDARD = gnu11;
				GCC_NO_COMMON_BLOCKS = YES;
				GCC_WARN_64_TO_32_BIT_CONVERSION = YES;
				GCC_WARN_ABOUT_RETURN_TYPE = YES_ERROR;
				GCC_WARN_UNDECLARED_SELECTOR = YES;
				GCC_WARN_UNINITIALIZED_AUTOS = YES_AGGRESSIVE;
				GCC_WARN_UNUSED_FUNCTION = YES;
				GCC_WARN_UNUSED_VARIABLE = YES;
				IPHONEOS_DEPLOYMENT_TARGET = 14.4;
				MTL_ENABLE_DEBUG_INFO = NO;
				MTL_FAST_MATH = YES;
				SDKROOT = iphoneos;
				SWIFT_COMPILATION_MODE = wholemodule;
				SWIFT_OPTIMIZATION_LEVEL = "-O";
				VALIDATE_PRODUCT = YES;
			};
			name = Release;
		};
		2F4E13B525ED72790061F1B7 /* Debug */ = {
			isa = XCBuildConfiguration;
			buildSettings = {
				ASSETCATALOG_COMPILER_APPICON_NAME = AppIcon;
				ASSETCATALOG_COMPILER_GLOBAL_ACCENT_COLOR_NAME = AccentColor;
				CODE_SIGN_STYLE = Automatic;
				DEVELOPMENT_TEAM = Q584HK9U5R;
				INFOPLIST_FILE = CWC_Guidebook_App_CoreData/Info.plist;
				LD_RUNPATH_SEARCH_PATHS = (
					"$(inherited)",
					"@executable_path/Frameworks",
				);
				PRODUCT_BUNDLE_IDENTIFIER = "com.corytepper.CWC-Guidebook-App-CoreData";
				PRODUCT_NAME = "$(TARGET_NAME)";
				SWIFT_VERSION = 5.0;
				TARGETED_DEVICE_FAMILY = "1,2";
			};
			name = Debug;
		};
		2F4E13B625ED72790061F1B7 /* Release */ = {
			isa = XCBuildConfiguration;
			buildSettings = {
				ASSETCATALOG_COMPILER_APPICON_NAME = AppIcon;
				ASSETCATALOG_COMPILER_GLOBAL_ACCENT_COLOR_NAME = AccentColor;
				CODE_SIGN_STYLE = Automatic;
				DEVELOPMENT_TEAM = Q584HK9U5R;
				INFOPLIST_FILE = CWC_Guidebook_App_CoreData/Info.plist;
				LD_RUNPATH_SEARCH_PATHS = (
					"$(inherited)",
					"@executable_path/Frameworks",
				);
				PRODUCT_BUNDLE_IDENTIFIER = "com.corytepper.CWC-Guidebook-App-CoreData";
				PRODUCT_NAME = "$(TARGET_NAME)";
				SWIFT_VERSION = 5.0;
				TARGETED_DEVICE_FAMILY = "1,2";
			};
			name = Release;
		};
/* End XCBuildConfiguration section */

/* Begin XCConfigurationList section */
		2F4E139825ED72770061F1B7 /* Build configuration list for PBXProject "CWC_Guidebook_App_CoreData" */ = {
			isa = XCConfigurationList;
			buildConfigurations = (
				2F4E13B225ED72790061F1B7 /* Debug */,
				2F4E13B325ED72790061F1B7 /* Release */,
			);
			defaultConfigurationIsVisible = 0;
			defaultConfigurationName = Release;
		};
		2F4E13B425ED72790061F1B7 /* Build configuration list for PBXNativeTarget "CWC_Guidebook_App_CoreData" */ = {
			isa = XCConfigurationList;
			buildConfigurations = (
				2F4E13B525ED72790061F1B7 /* Debug */,
				2F4E13B625ED72790061F1B7 /* Release */,
			);
			defaultConfigurationIsVisible = 0;
			defaultConfigurationName = Release;
		};
/* End XCConfigurationList section */

/* Begin XCVersionGroup section */
		2F4E13A925ED72770061F1B7 /* CWC_Guidebook_App_CoreData.xcdatamodeld */ = {
			isa = XCVersionGroup;
			children = (
				2F4E13AA25ED72770061F1B7 /* CWC_Guidebook_App_CoreData.xcdatamodel */,
			);
			currentVersion = 2F4E13AA25ED72770061F1B7 /* CWC_Guidebook_App_CoreData.xcdatamodel */;
			path = CWC_Guidebook_App_CoreData.xcdatamodeld;
			sourceTree = "<group>";
			versionGroupType = wrapper.xcdatamodel;
		};
/* End XCVersionGroup section */
	};
	rootObject = 2F4E139525ED72770061F1B7 /* Project object */;
}
